
Microsoft Visual Studio Solution File, Format Version 12.00
# Visual Studio Version 16
VisualStudioVersion = 16.0.29509.3
MinimumVisualStudioVersion = 10.0.40219.1
Project("{8BC9CEB8-8B4A-11D0-8D11-00A0C91BC942}") = "Lab12_3", "Lab12_3\Lab12_3.vcxproj", "{CE97EB8C-D4CD-4A46-929C-FF0A667D04BE}"
EndProject
Global
	GlobalSection(SolutionConfigurationPlatforms) = preSolution
		Debug|x64 = Debug|x64
		Debug|x86 = Debug|x86
		Release|x64 = Release|x64
		Release|x86 = Release|x86
	EndGlobalSection
	GlobalSection(ProjectConfigurationPlatforms) = postSolution
		{CE97EB8C-D4CD-4A46-929C-FF0A667D04BE}.Debug|x64.ActiveCfg = Debug|x64
		{CE97EB8C-D4CD-4A46-929C-FF0A667D04BE}.Debug|x64.Build.0 = Debug|x64
		{CE97EB8C-D4CD-4A46-929C-FF0A667D04BE}.Debug|x86.ActiveCfg = Debug|Win32
		{CE97EB8C-D4CD-4A46-929C-FF0A667D04BE}.Debug|x86.Build.0 = Debug|Win32
		{CE97EB8C-D4CD-4A46-929C-FF0A667D04BE}.Release|x64.ActiveCfg = Release|x64
		{CE97EB8C-D4CD-4A46-929C-FF0A667D04BE}.Release|x64.Build.0 = Release|x64
		{CE97EB8C-D4CD-4A46-929C-FF0A667D04BE}.Release|x86.ActiveCfg = Release|Win32
		{CE97EB8C-D4CD-4A46-929C-FF0A667D04BE}.Release|x86.Build.0 = Release|Win32
	EndGlobalSection
	GlobalSection(SolutionProperties) = preSolution
		HideSolutionNode = FALSE
	EndGlobalSection
	GlobalSection(ExtensibilityGlobals) = postSolution
		SolutionGuid = {D703A5C6-0432-4DBB-86F1-7657E0127CC6}
	EndGlobalSection
EndGlobal
